
Microsoft Visual Studio Solution File, Format Version 12.00
# Visual Studio Version 17
VisualStudioVersion = 17.10.34916.146
MinimumVisualStudioVersion = 10.0.40219.1
Project("{2150E333-8FDC-42A3-9474-1A3956D46DE8}") = "Gateway.Api", "Gateway.Api", "{57FF8CB0-9A2D-4409-AD5E-F81176B78F50}"
EndProject
Project("{2150E333-8FDC-42A3-9474-1A3956D46DE8}") = "Booking.Modular", "Booking.Modular", "{457D64FF-AA4B-4E47-B2CB-178A4F56FAE4}"
EndProject
Project("{2150E333-8FDC-42A3-9474-1A3956D46DE8}") = "Accommodation.Service", "Accommodation.Service", "{EC5E275D-2B81-4061-8CBA-D8743E927A19}"
EndProject
Project("{9A19103F-16F7-4668-BE54-9A1E7A4F7556}") = "Booking.BuildingBlocks.Presentation", "Accommodation.Service\Booking.Accommodation.Service\src\Shared\BuildingBlocks\Booking.BuildingBlocks.Presentation\Booking.BuildingBlocks.Presentation.csproj", "{69564757-3D32-4717-A110-BD3E75C86FF3}"
EndProject
Project("{9A19103F-16F7-4668-BE54-9A1E7A4F7556}") = "Booking.BuildingBlocks.Infrastructure", "Accommodation.Service\Booking.Accommodation.Service\src\Shared\BuildingBlocks\Booking.BuildingBlocks.Infrastructure\Booking.BuildingBlocks.Infrastructure.csproj", "{6E411E3E-61B4-4AC8-8BA0-1082D762BDFD}"
EndProject
Project("{9A19103F-16F7-4668-BE54-9A1E7A4F7556}") = "Booking.BuildingBlocks.Domain", "Accommodation.Service\Booking.Accommodation.Service\src\Shared\BuildingBlocks\Booking.BuildingBlocks.Domain\Booking.BuildingBlocks.Domain.csproj", "{B083D75F-629E-4C87-A571-3997877D80F6}"
EndProject
Project("{9A19103F-16F7-4668-BE54-9A1E7A4F7556}") = "Booking.BuildingBlocks.Application", "Accommodation.Service\Booking.Accommodation.Service\src\Shared\BuildingBlocks\Booking.BuildingBlocks.Application\Booking.BuildingBlocks.Application.csproj", "{226A9B57-6BA2-419B-9E1E-175C9BE163A2}"
EndProject
Project("{9A19103F-16F7-4668-BE54-9A1E7A4F7556}") = "Booking.UserAccess.IntegrationEvents", "Accommodation.Service\Booking.Accommodation.Service\src\Shared\IntegrationEvents\Booking.UserAccess.IntegrationEvents\Booking.UserAccess.IntegrationEvents.csproj", "{A9E1886E-E91C-4BCF-B8D8-461E78B041C5}"
EndProject
Project("{9A19103F-16F7-4668-BE54-9A1E7A4F7556}") = "Booking.Commerce.IntegrationEvents", "Accommodation.Service\Booking.Accommodation.Service\src\Shared\IntegrationEvents\Booking.Commerce.IntegrationEvents\Booking.Commerce.IntegrationEvents.csproj", "{543BB4EF-A33A-4BBF-9839-DEC571ACCFDD}"
EndProject
Project("{9A19103F-16F7-4668-BE54-9A1E7A4F7556}") = "Booking.Accomodation.IntegrationEvents", "Accommodation.Service\Booking.Accommodation.Service\src\Shared\IntegrationEvents\Booking.Accomodation.IntegrationEvents\Booking.Accomodation.IntegrationEvents.csproj", "{CCABAE89-BB00-4D11-A2AA-C843E6B16493}"
EndProject
Project("{9A19103F-16F7-4668-BE54-9A1E7A4F7556}") = "Booking.Accomodation.Domain", "Accommodation.Service\Booking.Accommodation.Service\src\Booking.Accomodation.Domain\Booking.Accomodation.Domain.csproj", "{8F629553-2BD4-4ADE-BC86-34834116C003}"
EndProject
Project("{2150E333-8FDC-42A3-9474-1A3956D46DE8}") = "Shared", "Shared", "{E2E43861-8A39-4C46-96BD-E8160220C2EB}"
EndProject
Project("{2150E333-8FDC-42A3-9474-1A3956D46DE8}") = "IntegrationEvents", "IntegrationEvents", "{353D7809-3D2E-4AD3-A553-33BE520B2ECF}"
EndProject
Project("{2150E333-8FDC-42A3-9474-1A3956D46DE8}") = "BuildingBlocks", "BuildingBlocks", "{F7956BA0-43B3-4FCF-9A4D-22D15A7BD644}"
EndProject
Project("{9A19103F-16F7-4668-BE54-9A1E7A4F7556}") = "Booking.Accomodation.Application", "Accommodation.Service\Booking.Accommodation.Service\src\Booking.Accomodation.Application\Booking.Accomodation.Application.csproj", "{747C7BDA-985B-47C1-9850-EBBB9CFCEAB8}"
EndProject
Project("{9A19103F-16F7-4668-BE54-9A1E7A4F7556}") = "Booking.Accomodation.Infrastructure", "Accommodation.Service\Booking.Accommodation.Service\src\Booking.Accomodation.Infrastructure\Booking.Accomodation.Infrastructure.csproj", "{CDBE33DE-6D26-48CA-A6FF-F9AB4A069BAE}"
EndProject
Project("{9A19103F-16F7-4668-BE54-9A1E7A4F7556}") = "Booking.Accomodation.Presentation", "Accommodation.Service\Booking.Accommodation.Service\src\Booking.Accomodation.Presentation\Booking.Accomodation.Presentation.csproj", "{3B60C4DE-E9A4-41A5-93A2-F7133F1B19C0}"
EndProject
Project("{2150E333-8FDC-42A3-9474-1A3956D46DE8}") = "BuildingBlocks", "BuildingBlocks", "{1AF8A25E-4CD8-4949-9F28-977E6DCA4019}"
EndProject
Project("{2150E333-8FDC-42A3-9474-1A3956D46DE8}") = "IntegrationEvents", "IntegrationEvents", "{094F7309-C1C3-4A89-A79E-4AA3747702F0}"
EndProject
Project("{2150E333-8FDC-42A3-9474-1A3956D46DE8}") = "Modules", "Modules", "{0A27BAF1-8A7A-479E-AF8A-10C2D8E5D0DF}"
EndProject
Project("{2150E333-8FDC-42A3-9474-1A3956D46DE8}") = "Commerce", "Commerce", "{A542D49C-CB8B-4865-ADEF-FE3D18E2A809}"
EndProject
Project("{2150E333-8FDC-42A3-9474-1A3956D46DE8}") = "UserAccess", "UserAccess", "{9904E806-8FF6-4B42-B175-8086FA9297DC}"
EndProject
Project("{2150E333-8FDC-42A3-9474-1A3956D46DE8}") = "Tests", "Tests", "{F40C0DD9-AF15-45E9-8FF1-FB1500322209}"
EndProject
Project("{9A19103F-16F7-4668-BE54-9A1E7A4F7556}") = "Gateway.Api", "Gateway.Api\Gateway.Api.csproj", "{7A1467E7-335B-42E6-8E00-A83075782124}"
EndProject
Project("{9A19103F-16F7-4668-BE54-9A1E7A4F7556}") = "Accommodation.Api", "Accommodation.Service\Booking.Accommodation.Service\src\Accommodation.Api\Accommodation.Api.csproj", "{CAA4CC3C-5D90-49BB-92FF-B6AEBD9495FE}"
EndProject
Project("{9A19103F-16F7-4668-BE54-9A1E7A4F7556}") = "Booking.BuildingBlocks.Domain", "Booking.Modular\src\Booking\BuildingBlocks\Booking.BuildingBlocks.Domain\Booking.BuildingBlocks.Domain.csproj", "{CE3BAEFC-0695-45F4-A66F-87BBF2718E5E}"
EndProject
Project("{9A19103F-16F7-4668-BE54-9A1E7A4F7556}") = "Booking.BuildingBlocks.Application", "Booking.Modular\src\Booking\BuildingBlocks\Booking.BuildingBlocks.Application\Booking.BuildingBlocks.Application.csproj", "{EE74EAE0-57D2-4539-9E82-ECF44028F225}"
EndProject
Project("{9A19103F-16F7-4668-BE54-9A1E7A4F7556}") = "Booking.BuildingBlocks.Infrastructure", "Booking.Modular\src\Booking\BuildingBlocks\Booking.BuildingBlocks.Infrastructure\Booking.BuildingBlocks.Infrastructure.csproj", "{7CB24041-1282-4BCF-8186-50C37ECEC67E}"
EndProject
Project("{9A19103F-16F7-4668-BE54-9A1E7A4F7556}") = "Booking.BuildingBlocks.Presentation", "Booking.Modular\src\Booking\BuildingBlocks\Booking.BuildingBlocks.Presentation\Booking.BuildingBlocks.Presentation.csproj", "{AE4CBBE0-263E-4DED-80A6-5C51000D6FBF}"
EndProject
Project("{9A19103F-16F7-4668-BE54-9A1E7A4F7556}") = "Booking.Commerce.Application", "Booking.Modular\src\Booking\Modules\Commerce\Booking.Commerce.Application\Booking.Commerce.Application.csproj", "{A5DE3833-DCBA-489D-BB18-F55A310BEC6A}"
EndProject
Project("{9A19103F-16F7-4668-BE54-9A1E7A4F7556}") = "Booking.Commerce.Domain", "Booking.Modular\src\Booking\Modules\Commerce\Booking.Commerce.Domain\Booking.Commerce.Domain.csproj", "{AA38D5F9-4367-4F89-8298-E5FEA2B84EAD}"
EndProject
Project("{9A19103F-16F7-4668-BE54-9A1E7A4F7556}") = "Booking.Commerce.Infrastructure", "Booking.Modular\src\Booking\Modules\Commerce\Booking.Commerce.Infrastructure\Booking.Commerce.Infrastructure.csproj", "{2F11667E-F3A5-43FF-9268-0C9FC2034A16}"
EndProject
Project("{9A19103F-16F7-4668-BE54-9A1E7A4F7556}") = "Booking.Commerce.Presentation", "Booking.Modular\src\Booking\Modules\Commerce\Booking.Commerce.Presentation\Booking.Commerce.Presentation.csproj", "{87829A18-EC7C-4D41-B311-5EB29BA6A809}"
EndProject
Project("{9A19103F-16F7-4668-BE54-9A1E7A4F7556}") = "Booking.UserAccess.Application", "Booking.Modular\src\Booking\Modules\UserAccess\Booking.UserAccess.Application\Booking.UserAccess.Application.csproj", "{039F920B-1DAD-4F7F-9592-C6035F35AF99}"
EndProject
Project("{9A19103F-16F7-4668-BE54-9A1E7A4F7556}") = "Booking.UserAccess.Domain", "Booking.Modular\src\Booking\Modules\UserAccess\Booking.UserAccess.Domain\Booking.UserAccess.Domain.csproj", "{F4759A6A-AA9C-483B-A3EA-AC692CB20C40}"
EndProject
Project("{9A19103F-16F7-4668-BE54-9A1E7A4F7556}") = "Booking.UserAccess.Infrastructure", "Booking.Modular\src\Booking\Modules\UserAccess\Booking.UserAccess.Infrastructure\Booking.UserAccess.Infrastructure.csproj", "{B2C6EB7B-0963-4E45-85B3-7EAD939E1DE5}"
EndProject
Project("{9A19103F-16F7-4668-BE54-9A1E7A4F7556}") = "Booking.UserAccess.Presentation", "Booking.Modular\src\Booking\Modules\UserAccess\Booking.UserAccess.Presentation\Booking.UserAccess.Presentation.csproj", "{EC4DAC4F-C58D-442D-BAB6-99030B76829F}"
EndProject
Project("{9A19103F-16F7-4668-BE54-9A1E7A4F7556}") = "Booking.UserAccess.IntegrationEvents", "Booking.Modular\src\Booking\IntegrationEvents\Booking.UserAccess.IntegrationEvents\Booking.UserAccess.IntegrationEvents.csproj", "{4EF14364-69E6-48F7-AE89-9952902081F4}"
EndProject
Project("{9A19103F-16F7-4668-BE54-9A1E7A4F7556}") = "Booking.Commerce.IntegrationEvents", "Booking.Modular\src\Booking\IntegrationEvents\Booking.Commerce.IntegrationEvents\Booking.Commerce.IntegrationEvents.csproj", "{D931702E-83B9-4E32-8261-6378BEE96704}"
EndProject
Project("{9A19103F-16F7-4668-BE54-9A1E7A4F7556}") = "Booking.Accomodation.IntegrationEvents", "Booking.Modular\src\Booking\IntegrationEvents\Booking.Accomodation.IntegrationEvents\Booking.Accomodation.IntegrationEvents.csproj", "{D78CE96B-69C9-4125-8BCA-F5E37FF52FBC}"
EndProject
Project("{9A19103F-16F7-4668-BE54-9A1E7A4F7556}") = "ArchitectureTests.Shared", "Booking.Modular\src\Booking\Tests\ArchitectureTests.Shared\ArchitectureTests.Shared.csproj", "{45B2DB98-A834-4C1D-BB23-A244637D6543}"
EndProject
Project("{9A19103F-16F7-4668-BE54-9A1E7A4F7556}") = "CommerceModuleArchitectureTests", "Booking.Modular\src\Booking\Tests\CommerceModuleArchitectureTests\CommerceModuleArchitectureTests.csproj", "{9693B156-5A0F-49F2-B7BC-DBAF0FEA364B}"
EndProject
Project("{9A19103F-16F7-4668-BE54-9A1E7A4F7556}") = "UserAccesssModuleArchitectureTests", "Booking.Modular\src\Booking\Tests\UserAccesssModuleArchitectureTests\UserAccesssModuleArchitectureTests.csproj", "{58376AED-F331-4EDA-B3A1-3B56576F676F}"
EndProject
Project("{9A19103F-16F7-4668-BE54-9A1E7A4F7556}") = "Booking.App", "Booking.Modular\src\Booking\API\Booking.API\Booking.App.csproj", "{8CEB49B9-CE17-46A6-AB5A-710A8700229A}"
EndProject
Global
	GlobalSection(SolutionConfigurationPlatforms) = preSolution
		Debug|Any CPU = Debug|Any CPU
		Release|Any CPU = Release|Any CPU
	EndGlobalSection
	GlobalSection(ProjectConfigurationPlatforms) = postSolution
		{69564757-3D32-4717-A110-BD3E75C86FF3}.Debug|Any CPU.ActiveCfg = Debug|Any CPU
		{69564757-3D32-4717-A110-BD3E75C86FF3}.Debug|Any CPU.Build.0 = Debug|Any CPU
		{69564757-3D32-4717-A110-BD3E75C86FF3}.Release|Any CPU.ActiveCfg = Release|Any CPU
		{69564757-3D32-4717-A110-BD3E75C86FF3}.Release|Any CPU.Build.0 = Release|Any CPU
		{6E411E3E-61B4-4AC8-8BA0-1082D762BDFD}.Debug|Any CPU.ActiveCfg = Debug|Any CPU
		{6E411E3E-61B4-4AC8-8BA0-1082D762BDFD}.Debug|Any CPU.Build.0 = Debug|Any CPU
		{6E411E3E-61B4-4AC8-8BA0-1082D762BDFD}.Release|Any CPU.ActiveCfg = Release|Any CPU
		{6E411E3E-61B4-4AC8-8BA0-1082D762BDFD}.Release|Any CPU.Build.0 = Release|Any CPU
		{B083D75F-629E-4C87-A571-3997877D80F6}.Debug|Any CPU.ActiveCfg = Debug|Any CPU
		{B083D75F-629E-4C87-A571-3997877D80F6}.Debug|Any CPU.Build.0 = Debug|Any CPU
		{B083D75F-629E-4C87-A571-3997877D80F6}.Release|Any CPU.ActiveCfg = Release|Any CPU
		{B083D75F-629E-4C87-A571-3997877D80F6}.Release|Any CPU.Build.0 = Release|Any CPU
		{226A9B57-6BA2-419B-9E1E-175C9BE163A2}.Debug|Any CPU.ActiveCfg = Debug|Any CPU
		{226A9B57-6BA2-419B-9E1E-175C9BE163A2}.Debug|Any CPU.Build.0 = Debug|Any CPU
		{226A9B57-6BA2-419B-9E1E-175C9BE163A2}.Release|Any CPU.ActiveCfg = Release|Any CPU
		{226A9B57-6BA2-419B-9E1E-175C9BE163A2}.Release|Any CPU.Build.0 = Release|Any CPU
		{A9E1886E-E91C-4BCF-B8D8-461E78B041C5}.Debug|Any CPU.ActiveCfg = Debug|Any CPU
		{A9E1886E-E91C-4BCF-B8D8-461E78B041C5}.Debug|Any CPU.Build.0 = Debug|Any CPU
		{A9E1886E-E91C-4BCF-B8D8-461E78B041C5}.Release|Any CPU.ActiveCfg = Release|Any CPU
		{A9E1886E-E91C-4BCF-B8D8-461E78B041C5}.Release|Any CPU.Build.0 = Release|Any CPU
		{543BB4EF-A33A-4BBF-9839-DEC571ACCFDD}.Debug|Any CPU.ActiveCfg = Debug|Any CPU
		{543BB4EF-A33A-4BBF-9839-DEC571ACCFDD}.Debug|Any CPU.Build.0 = Debug|Any CPU
		{543BB4EF-A33A-4BBF-9839-DEC571ACCFDD}.Release|Any CPU.ActiveCfg = Release|Any CPU
		{543BB4EF-A33A-4BBF-9839-DEC571ACCFDD}.Release|Any CPU.Build.0 = Release|Any CPU
		{CCABAE89-BB00-4D11-A2AA-C843E6B16493}.Debug|Any CPU.ActiveCfg = Debug|Any CPU
		{CCABAE89-BB00-4D11-A2AA-C843E6B16493}.Debug|Any CPU.Build.0 = Debug|Any CPU
		{CCABAE89-BB00-4D11-A2AA-C843E6B16493}.Release|Any CPU.ActiveCfg = Release|Any CPU
		{CCABAE89-BB00-4D11-A2AA-C843E6B16493}.Release|Any CPU.Build.0 = Release|Any CPU
		{8F629553-2BD4-4ADE-BC86-34834116C003}.Debug|Any CPU.ActiveCfg = Debug|Any CPU
		{8F629553-2BD4-4ADE-BC86-34834116C003}.Debug|Any CPU.Build.0 = Debug|Any CPU
		{8F629553-2BD4-4ADE-BC86-34834116C003}.Release|Any CPU.ActiveCfg = Release|Any CPU
		{8F629553-2BD4-4ADE-BC86-34834116C003}.Release|Any CPU.Build.0 = Release|Any CPU
		{747C7BDA-985B-47C1-9850-EBBB9CFCEAB8}.Debug|Any CPU.ActiveCfg = Debug|Any CPU
		{747C7BDA-985B-47C1-9850-EBBB9CFCEAB8}.Debug|Any CPU.Build.0 = Debug|Any CPU
		{747C7BDA-985B-47C1-9850-EBBB9CFCEAB8}.Release|Any CPU.ActiveCfg = Release|Any CPU
		{747C7BDA-985B-47C1-9850-EBBB9CFCEAB8}.Release|Any CPU.Build.0 = Release|Any CPU
		{CDBE33DE-6D26-48CA-A6FF-F9AB4A069BAE}.Debug|Any CPU.ActiveCfg = Debug|Any CPU
		{CDBE33DE-6D26-48CA-A6FF-F9AB4A069BAE}.Debug|Any CPU.Build.0 = Debug|Any CPU
		{CDBE33DE-6D26-48CA-A6FF-F9AB4A069BAE}.Release|Any CPU.ActiveCfg = Release|Any CPU
		{CDBE33DE-6D26-48CA-A6FF-F9AB4A069BAE}.Release|Any CPU.Build.0 = Release|Any CPU
		{3B60C4DE-E9A4-41A5-93A2-F7133F1B19C0}.Debug|Any CPU.ActiveCfg = Debug|Any CPU
		{3B60C4DE-E9A4-41A5-93A2-F7133F1B19C0}.Debug|Any CPU.Build.0 = Debug|Any CPU
		{3B60C4DE-E9A4-41A5-93A2-F7133F1B19C0}.Release|Any CPU.ActiveCfg = Release|Any CPU
		{3B60C4DE-E9A4-41A5-93A2-F7133F1B19C0}.Release|Any CPU.Build.0 = Release|Any CPU
		{7A1467E7-335B-42E6-8E00-A83075782124}.Debug|Any CPU.ActiveCfg = Debug|Any CPU
		{7A1467E7-335B-42E6-8E00-A83075782124}.Debug|Any CPU.Build.0 = Debug|Any CPU
		{7A1467E7-335B-42E6-8E00-A83075782124}.Release|Any CPU.ActiveCfg = Release|Any CPU
		{7A1467E7-335B-42E6-8E00-A83075782124}.Release|Any CPU.Build.0 = Release|Any CPU
		{CAA4CC3C-5D90-49BB-92FF-B6AEBD9495FE}.Debug|Any CPU.ActiveCfg = Debug|Any CPU
		{CAA4CC3C-5D90-49BB-92FF-B6AEBD9495FE}.Debug|Any CPU.Build.0 = Debug|Any CPU
		{CAA4CC3C-5D90-49BB-92FF-B6AEBD9495FE}.Release|Any CPU.ActiveCfg = Release|Any CPU
		{CAA4CC3C-5D90-49BB-92FF-B6AEBD9495FE}.Release|Any CPU.Build.0 = Release|Any CPU
		{CE3BAEFC-0695-45F4-A66F-87BBF2718E5E}.Debug|Any CPU.ActiveCfg = Debug|Any CPU
		{CE3BAEFC-0695-45F4-A66F-87BBF2718E5E}.Debug|Any CPU.Build.0 = Debug|Any CPU
		{CE3BAEFC-0695-45F4-A66F-87BBF2718E5E}.Release|Any CPU.ActiveCfg = Release|Any CPU
		{CE3BAEFC-0695-45F4-A66F-87BBF2718E5E}.Release|Any CPU.Build.0 = Release|Any CPU
		{EE74EAE0-57D2-4539-9E82-ECF44028F225}.Debug|Any CPU.ActiveCfg = Debug|Any CPU
		{EE74EAE0-57D2-4539-9E82-ECF44028F225}.Debug|Any CPU.Build.0 = Debug|Any CPU
		{EE74EAE0-57D2-4539-9E82-ECF44028F225}.Release|Any CPU.ActiveCfg = Release|Any CPU
		{EE74EAE0-57D2-4539-9E82-ECF44028F225}.Release|Any CPU.Build.0 = Release|Any CPU
		{7CB24041-1282-4BCF-8186-50C37ECEC67E}.Debug|Any CPU.ActiveCfg = Debug|Any CPU
		{7CB24041-1282-4BCF-8186-50C37ECEC67E}.Debug|Any CPU.Build.0 = Debug|Any CPU
		{7CB24041-1282-4BCF-8186-50C37ECEC67E}.Release|Any CPU.ActiveCfg = Release|Any CPU
		{7CB24041-1282-4BCF-8186-50C37ECEC67E}.Release|Any CPU.Build.0 = Release|Any CPU
		{AE4CBBE0-263E-4DED-80A6-5C51000D6FBF}.Debug|Any CPU.ActiveCfg = Debug|Any CPU
		{AE4CBBE0-263E-4DED-80A6-5C51000D6FBF}.Debug|Any CPU.Build.0 = Debug|Any CPU
		{AE4CBBE0-263E-4DED-80A6-5C51000D6FBF}.Release|Any CPU.ActiveCfg = Release|Any CPU
		{AE4CBBE0-263E-4DED-80A6-5C51000D6FBF}.Release|Any CPU.Build.0 = Release|Any CPU
		{A5DE3833-DCBA-489D-BB18-F55A310BEC6A}.Debug|Any CPU.ActiveCfg = Debug|Any CPU
		{A5DE3833-DCBA-489D-BB18-F55A310BEC6A}.Debug|Any CPU.Build.0 = Debug|Any CPU
		{A5DE3833-DCBA-489D-BB18-F55A310BEC6A}.Release|Any CPU.ActiveCfg = Release|Any CPU
		{A5DE3833-DCBA-489D-BB18-F55A310BEC6A}.Release|Any CPU.Build.0 = Release|Any CPU
		{AA38D5F9-4367-4F89-8298-E5FEA2B84EAD}.Debug|Any CPU.ActiveCfg = Debug|Any CPU
		{AA38D5F9-4367-4F89-8298-E5FEA2B84EAD}.Debug|Any CPU.Build.0 = Debug|Any CPU
		{AA38D5F9-4367-4F89-8298-E5FEA2B84EAD}.Release|Any CPU.ActiveCfg = Release|Any CPU
		{AA38D5F9-4367-4F89-8298-E5FEA2B84EAD}.Release|Any CPU.Build.0 = Release|Any CPU
		{2F11667E-F3A5-43FF-9268-0C9FC2034A16}.Debug|Any CPU.ActiveCfg = Debug|Any CPU
		{2F11667E-F3A5-43FF-9268-0C9FC2034A16}.Debug|Any CPU.Build.0 = Debug|Any CPU
		{2F11667E-F3A5-43FF-9268-0C9FC2034A16}.Release|Any CPU.ActiveCfg = Release|Any CPU
		{2F11667E-F3A5-43FF-9268-0C9FC2034A16}.Release|Any CPU.Build.0 = Release|Any CPU
		{87829A18-EC7C-4D41-B311-5EB29BA6A809}.Debug|Any CPU.ActiveCfg = Debug|Any CPU
		{87829A18-EC7C-4D41-B311-5EB29BA6A809}.Debug|Any CPU.Build.0 = Debug|Any CPU
		{87829A18-EC7C-4D41-B311-5EB29BA6A809}.Release|Any CPU.ActiveCfg = Release|Any CPU
		{87829A18-EC7C-4D41-B311-5EB29BA6A809}.Release|Any CPU.Build.0 = Release|Any CPU
		{039F920B-1DAD-4F7F-9592-C6035F35AF99}.Debug|Any CPU.ActiveCfg = Debug|Any CPU
		{039F920B-1DAD-4F7F-9592-C6035F35AF99}.Debug|Any CPU.Build.0 = Debug|Any CPU
		{039F920B-1DAD-4F7F-9592-C6035F35AF99}.Release|Any CPU.ActiveCfg = Release|Any CPU
		{039F920B-1DAD-4F7F-9592-C6035F35AF99}.Release|Any CPU.Build.0 = Release|Any CPU
		{F4759A6A-AA9C-483B-A3EA-AC692CB20C40}.Debug|Any CPU.ActiveCfg = Debug|Any CPU
		{F4759A6A-AA9C-483B-A3EA-AC692CB20C40}.Debug|Any CPU.Build.0 = Debug|Any CPU
		{F4759A6A-AA9C-483B-A3EA-AC692CB20C40}.Release|Any CPU.ActiveCfg = Release|Any CPU
		{F4759A6A-AA9C-483B-A3EA-AC692CB20C40}.Release|Any CPU.Build.0 = Release|Any CPU
		{B2C6EB7B-0963-4E45-85B3-7EAD939E1DE5}.Debug|Any CPU.ActiveCfg = Debug|Any CPU
		{B2C6EB7B-0963-4E45-85B3-7EAD939E1DE5}.Debug|Any CPU.Build.0 = Debug|Any CPU
		{B2C6EB7B-0963-4E45-85B3-7EAD939E1DE5}.Release|Any CPU.ActiveCfg = Release|Any CPU
		{B2C6EB7B-0963-4E45-85B3-7EAD939E1DE5}.Release|Any CPU.Build.0 = Release|Any CPU
		{EC4DAC4F-C58D-442D-BAB6-99030B76829F}.Debug|Any CPU.ActiveCfg = Debug|Any CPU
		{EC4DAC4F-C58D-442D-BAB6-99030B76829F}.Debug|Any CPU.Build.0 = Debug|Any CPU
		{EC4DAC4F-C58D-442D-BAB6-99030B76829F}.Release|Any CPU.ActiveCfg = Release|Any CPU
		{EC4DAC4F-C58D-442D-BAB6-99030B76829F}.Release|Any CPU.Build.0 = Release|Any CPU
		{4EF14364-69E6-48F7-AE89-9952902081F4}.Debug|Any CPU.ActiveCfg = Debug|Any CPU
		{4EF14364-69E6-48F7-AE89-9952902081F4}.Debug|Any CPU.Build.0 = Debug|Any CPU
		{4EF14364-69E6-48F7-AE89-9952902081F4}.Release|Any CPU.ActiveCfg = Release|Any CPU
		{4EF14364-69E6-48F7-AE89-9952902081F4}.Release|Any CPU.Build.0 = Release|Any CPU
		{D931702E-83B9-4E32-8261-6378BEE96704}.Debug|Any CPU.ActiveCfg = Debug|Any CPU
		{D931702E-83B9-4E32-8261-6378BEE96704}.Debug|Any CPU.Build.0 = Debug|Any CPU
		{D931702E-83B9-4E32-8261-6378BEE96704}.Release|Any CPU.ActiveCfg = Release|Any CPU
		{D931702E-83B9-4E32-8261-6378BEE96704}.Release|Any CPU.Build.0 = Release|Any CPU
		{D78CE96B-69C9-4125-8BCA-F5E37FF52FBC}.Debug|Any CPU.ActiveCfg = Debug|Any CPU
		{D78CE96B-69C9-4125-8BCA-F5E37FF52FBC}.Debug|Any CPU.Build.0 = Debug|Any CPU
		{D78CE96B-69C9-4125-8BCA-F5E37FF52FBC}.Release|Any CPU.ActiveCfg = Release|Any CPU
		{D78CE96B-69C9-4125-8BCA-F5E37FF52FBC}.Release|Any CPU.Build.0 = Release|Any CPU
		{45B2DB98-A834-4C1D-BB23-A244637D6543}.Debug|Any CPU.ActiveCfg = Debug|Any CPU
		{45B2DB98-A834-4C1D-BB23-A244637D6543}.Debug|Any CPU.Build.0 = Debug|Any CPU
		{45B2DB98-A834-4C1D-BB23-A244637D6543}.Release|Any CPU.ActiveCfg = Release|Any CPU
		{45B2DB98-A834-4C1D-BB23-A244637D6543}.Release|Any CPU.Build.0 = Release|Any CPU
		{9693B156-5A0F-49F2-B7BC-DBAF0FEA364B}.Debug|Any CPU.ActiveCfg = Debug|Any CPU
		{9693B156-5A0F-49F2-B7BC-DBAF0FEA364B}.Debug|Any CPU.Build.0 = Debug|Any CPU
		{9693B156-5A0F-49F2-B7BC-DBAF0FEA364B}.Release|Any CPU.ActiveCfg = Release|Any CPU
		{9693B156-5A0F-49F2-B7BC-DBAF0FEA364B}.Release|Any CPU.Build.0 = Release|Any CPU
		{58376AED-F331-4EDA-B3A1-3B56576F676F}.Debug|Any CPU.ActiveCfg = Debug|Any CPU
		{58376AED-F331-4EDA-B3A1-3B56576F676F}.Debug|Any CPU.Build.0 = Debug|Any CPU
		{58376AED-F331-4EDA-B3A1-3B56576F676F}.Release|Any CPU.ActiveCfg = Release|Any CPU
		{58376AED-F331-4EDA-B3A1-3B56576F676F}.Release|Any CPU.Build.0 = Release|Any CPU
		{8CEB49B9-CE17-46A6-AB5A-710A8700229A}.Debug|Any CPU.ActiveCfg = Debug|Any CPU
		{8CEB49B9-CE17-46A6-AB5A-710A8700229A}.Debug|Any CPU.Build.0 = Debug|Any CPU
		{8CEB49B9-CE17-46A6-AB5A-710A8700229A}.Release|Any CPU.ActiveCfg = Release|Any CPU
		{8CEB49B9-CE17-46A6-AB5A-710A8700229A}.Release|Any CPU.Build.0 = Release|Any CPU
	EndGlobalSection
	GlobalSection(SolutionProperties) = preSolution
		HideSolutionNode = FALSE
	EndGlobalSection
	GlobalSection(NestedProjects) = preSolution
		{69564757-3D32-4717-A110-BD3E75C86FF3} = {F7956BA0-43B3-4FCF-9A4D-22D15A7BD644}
		{6E411E3E-61B4-4AC8-8BA0-1082D762BDFD} = {F7956BA0-43B3-4FCF-9A4D-22D15A7BD644}
		{B083D75F-629E-4C87-A571-3997877D80F6} = {F7956BA0-43B3-4FCF-9A4D-22D15A7BD644}
		{226A9B57-6BA2-419B-9E1E-175C9BE163A2} = {F7956BA0-43B3-4FCF-9A4D-22D15A7BD644}
		{A9E1886E-E91C-4BCF-B8D8-461E78B041C5} = {353D7809-3D2E-4AD3-A553-33BE520B2ECF}
		{543BB4EF-A33A-4BBF-9839-DEC571ACCFDD} = {353D7809-3D2E-4AD3-A553-33BE520B2ECF}
		{CCABAE89-BB00-4D11-A2AA-C843E6B16493} = {353D7809-3D2E-4AD3-A553-33BE520B2ECF}
		{8F629553-2BD4-4ADE-BC86-34834116C003} = {EC5E275D-2B81-4061-8CBA-D8743E927A19}
		{E2E43861-8A39-4C46-96BD-E8160220C2EB} = {EC5E275D-2B81-4061-8CBA-D8743E927A19}
		{353D7809-3D2E-4AD3-A553-33BE520B2ECF} = {E2E43861-8A39-4C46-96BD-E8160220C2EB}
		{F7956BA0-43B3-4FCF-9A4D-22D15A7BD644} = {E2E43861-8A39-4C46-96BD-E8160220C2EB}
		{747C7BDA-985B-47C1-9850-EBBB9CFCEAB8} = {EC5E275D-2B81-4061-8CBA-D8743E927A19}
		{CDBE33DE-6D26-48CA-A6FF-F9AB4A069BAE} = {EC5E275D-2B81-4061-8CBA-D8743E927A19}
		{3B60C4DE-E9A4-41A5-93A2-F7133F1B19C0} = {EC5E275D-2B81-4061-8CBA-D8743E927A19}
		{1AF8A25E-4CD8-4949-9F28-977E6DCA4019} = {457D64FF-AA4B-4E47-B2CB-178A4F56FAE4}
		{094F7309-C1C3-4A89-A79E-4AA3747702F0} = {457D64FF-AA4B-4E47-B2CB-178A4F56FAE4}
		{0A27BAF1-8A7A-479E-AF8A-10C2D8E5D0DF} = {457D64FF-AA4B-4E47-B2CB-178A4F56FAE4}
		{A542D49C-CB8B-4865-ADEF-FE3D18E2A809} = {0A27BAF1-8A7A-479E-AF8A-10C2D8E5D0DF}
		{9904E806-8FF6-4B42-B175-8086FA9297DC} = {0A27BAF1-8A7A-479E-AF8A-10C2D8E5D0DF}
		{F40C0DD9-AF15-45E9-8FF1-FB1500322209} = {457D64FF-AA4B-4E47-B2CB-178A4F56FAE4}
		{7A1467E7-335B-42E6-8E00-A83075782124} = {57FF8CB0-9A2D-4409-AD5E-F81176B78F50}
		{CAA4CC3C-5D90-49BB-92FF-B6AEBD9495FE} = {EC5E275D-2B81-4061-8CBA-D8743E927A19}
		{CE3BAEFC-0695-45F4-A66F-87BBF2718E5E} = {1AF8A25E-4CD8-4949-9F28-977E6DCA4019}
		{EE74EAE0-57D2-4539-9E82-ECF44028F225} = {1AF8A25E-4CD8-4949-9F28-977E6DCA4019}
		{7CB24041-1282-4BCF-8186-50C37ECEC67E} = {1AF8A25E-4CD8-4949-9F28-977E6DCA4019}
		{AE4CBBE0-263E-4DED-80A6-5C51000D6FBF} = {1AF8A25E-4CD8-4949-9F28-977E6DCA4019}
		{A5DE3833-DCBA-489D-BB18-F55A310BEC6A} = {A542D49C-CB8B-4865-ADEF-FE3D18E2A809}
		{AA38D5F9-4367-4F89-8298-E5FEA2B84EAD} = {A542D49C-CB8B-4865-ADEF-FE3D18E2A809}
		{2F11667E-F3A5-43FF-9268-0C9FC2034A16} = {A542D49C-CB8B-4865-ADEF-FE3D18E2A809}
		{87829A18-EC7C-4D41-B311-5EB29BA6A809} = {A542D49C-CB8B-4865-ADEF-FE3D18E2A809}
		{039F920B-1DAD-4F7F-9592-C6035F35AF99} = {9904E806-8FF6-4B42-B175-8086FA9297DC}
		{F4759A6A-AA9C-483B-A3EA-AC692CB20C40} = {9904E806-8FF6-4B42-B175-8086FA9297DC}
		{B2C6EB7B-0963-4E45-85B3-7EAD939E1DE5} = {9904E806-8FF6-4B42-B175-8086FA9297DC}
		{EC4DAC4F-C58D-442D-BAB6-99030B76829F} = {9904E806-8FF6-4B42-B175-8086FA9297DC}
		{4EF14364-69E6-48F7-AE89-9952902081F4} = {094F7309-C1C3-4A89-A79E-4AA3747702F0}
		{D931702E-83B9-4E32-8261-6378BEE96704} = {094F7309-C1C3-4A89-A79E-4AA3747702F0}
		{D78CE96B-69C9-4125-8BCA-F5E37FF52FBC} = {094F7309-C1C3-4A89-A79E-4AA3747702F0}
		{45B2DB98-A834-4C1D-BB23-A244637D6543} = {F40C0DD9-AF15-45E9-8FF1-FB1500322209}
		{9693B156-5A0F-49F2-B7BC-DBAF0FEA364B} = {F40C0DD9-AF15-45E9-8FF1-FB1500322209}
		{58376AED-F331-4EDA-B3A1-3B56576F676F} = {F40C0DD9-AF15-45E9-8FF1-FB1500322209}
		{8CEB49B9-CE17-46A6-AB5A-710A8700229A} = {457D64FF-AA4B-4E47-B2CB-178A4F56FAE4}
	EndGlobalSection
	GlobalSection(ExtensibilityGlobals) = postSolution
		SolutionGuid = {312296AA-061E-40D5-9892-2BEA9D59653E}
	EndGlobalSection
EndGlobal
